{
    "name": "zoom-clone ",
    "version": "1.0.0",
    "lockfileVersion": 1,
    "require": true,
    "dependencies": {
        "@type/body-parser": {
            "version": "1.19.0",
            "resolved": "https://registry.npmjs.org/@types/body-parser/-/body-parser-1.19.0.tgz",
            "integrity": "",
            "requires": {
                "@types/connect": "*",
                "@types/node": "*"
            
            }
        },
        "@types/color-name": {
            "version":"1.1.1",
            "resolved":"https://registry.npmjs.org/@types/color-name/-/color-name-1.1.1.tgz",
            "integrity": "",

        },
        "@types/connect": {
            "version": "3.4.33",
            "resolved":"https://registry.npmjs.org/@types/connect/-/connect-3.4.33.tgz",
            "integrity":"",
            "requires":{
                "@types/node": "*"
            }
        },
        "@types/cors": {
            "version":"2.8.7",
            "resolved":"https://registry.npmjs.org/@types/cors/-/cors-2.8.7.tgz",
            "integrity": "",
            "requires":{
                "@types/express": "*"
            }
        },
        "@types/express": {
            "version": "4.17.7",
            "resolved": "https://registry.npmjs.org/@types/express/-/express-4.17.7.tgz",
            "integrity":"",
            "requires": {
                "@types/body-parser": "*",
                "@types/express-serve-static-core": "*",
                "@types/qs": "*",
                "@types/serve-static": "*"
            }
        },
        "@types/mime": {     
            "version":"1.0.0",
            "resolved": "https://registry.npmjs.org/@types/body-parser/-/body-parser-1.19.0.tgz",
            "integrity": ""
        },
        "@types/node": {
            "version":"1.0.0",
            "resolved":"https://registry.npmjs.org/@types/body-parser/-/body-parser-1.19.0.tgz",
            "integrity": ""
        },
        "@types/qs": {
            "version":"1.0.0",
            "resolved":"https://registry.npmjs.org/@types/body-parser/-/body-parser-1.19.0.tgz",
            "integrity":""
        },
        "@types/range-parser": {
            "version":"1.0.0",
            "resolved":"https://registry.npmjs.org/@types/body-parser/-/body-parser-1.19.0.tgz",
            "integrity":""
        },
        "@types/serve-static": {
            "version":"1.0.0",
            "resolved":"https://registry.npmjs.org/@types/body-parser/-/body-parser-1.19.0.tgz",
            "integrity":""
        }
    },
        "@types/ws": {
            "version":"1.0.0",
            "resolved":"https://registry.npmjs.org/@types/body-parser/-/body-parser-1.19.0.tgz",
            "integrity":"",
            "requires": {
                "@types/node": "*"
            }
        },
        "accepts": {
            "version":"1.0.0",
            "resolved":"https://registry.npmjs.org/@types/body-parser/-/body-parser-1.19.0.tgz",
            "integrity":"",
            "requires": {
                "mime-types": "~2.1.24",
                "negotiator": "0.6.2"
            }
        },
        "after": {
            "version":"1.0.0",
            "resolved":"https://registry.npmjs.org/@types/body-parser/-/body-parser-1.19.0.tgz",
            "integrity":""
        },
        "ansi-regex": {
            "version": "5.0.0",
            "resolved": "",
            "integrity": ""
        },
        "ansi-styles": {
            "version":"1.0.0",
            "resolved":"https://registry.npmjs.org/@types/body-parser/-/body-parser-1.19.0.tgz",
            "integrity":"",
            "requires": {
                "color-convert": "^1.9.0"
            }

        },
        "array-flatten":{
            "version":"1.0.0",
            "resolved":"https://registry.npmjs.org/@types/body-parser/-/body-parser-1.19.0.tgz",
            "integrity":""
        },
        "arraybuffer.slice": {
            "version":"1.0.0",
            "resolved":"https://registry.npmjs.org/@types/body-parser/-/body-parser-1.19.0.tgz",
            "integrity":""
        },
        "async": {
            "version":"1.0.0",
            "resolved": "https://registry.npmjs.org/@types/body-parser/-/body-parser-1.19.0.tgz",
            "integrity": ""

        },
        "async-limiter": {
            "version":"1.0.0",
            "resolved":"https://registry.npmjs.org/@types/body-parser/-/body-parser-1.19.0.tgz",
            "integrity":""
        },
        "backo2":{
            "version":"1.0.0",
            "resolved":"https://registry.npmjs.org/@types/body-parser/-/body-parser-1.19.0.tgz",
            "integrity":""
        },
        "balanced-match": {
            "version":"1.0.0",
            "resolved":"https://registry.npmjs.org/@types/body-parser/-/body-parser-1.19.0.tgz",
            "integrity":""

        },
        "base64-arraybuffer": {
            "version":"1.0.0",
            "resolved":"https://registry.npmjs.org/@types/body-parser/-/body-parser-1.19.0.tgz",
            "integrity":""
        },
        "base64id": {
            "version":"1.0.0",
            "resolved":"https://registry.npmjs.org/@types/body-parser/-/body-parser-1.19.0.tgz",
            "integrity":""
        },
        "better-assert": {
            "version":"1.0.0",
            "resolved":"https://registry.npmjs.org/@types/body-parser/-/body-parser-1.19.0.tgz",
            "integrity":"",
            "requires": {
                "callsite":"1.0.0"
            }

        },
        "blob": {
            "version":"1.0.0",
            "resolved":"https://registry.npmjs.org/@types/body-parser/-/body-parser-1.19.0.tgz",
            "integrity":"",

        },
        "body-parser": {
            "version":"1.0.0",
            "resolved":"https://registry.npmjs.org/@types/body-parser/-/body-parser-1.19.0.tgz",
            "integrity":"",
            "requires": {
                "bytes": "3.1.0",
                "content-type": "",
                "debug": "",
                "depd":"",
                "http-errors": "",
                "iconv-lite": "",
                "on-finished": "",
                "qs": "",
                "raw-body": "",
                "type-is": ""
            }
        },
        "brace-expansion": {
            "version":"1.0.0",
            "resolved":"https://registry.npmjs.org/@types/body-parser/-/body-parser-1.19.0.tgz",
            "integrity":"",
            "requires": {
                "balanced-match": "",
                "concat-map": ""
            }
        },
        "bytes": {
            "version":"1.0.0",
            "resolved":"https://registry.npmjs.org/@types/body-parser/-/body-parser-1.19.0.tgz",
            "integrity":""
        },
        "callsite": {
            "version":"1.0.0",
            "resolved":"https://registry.npmjs.org/@types/body-parser/-/body-parser-1.19.0.tgz",
            "integrity":""
        },
        "camelcase": {
            "version":"1.0.0",
            "resolved":"https://registry.npmjs.org/@types/body-parser/-/body-parser-1.19.0.tgz",
            "integrity":""
        },
        "chalk": {
            "version":"1.0.0",
            "resolved":"https://registry.npmjs.org/@types/body-parser/-/body-parser-1.19.0.tgz",
            "integrity":"",
            "requires": {
                "ansi-styles": "^3.2.1",
                "escape-string-regexp":"^1.0.5",
                "supports-color": "^5.3.0"
            }
        },
        "cliui": {
            "version": "6.0.0",
            "resolved":"",
            "integrity":"",
            "requires": {
                "string-width": "^4.2.0",
                "strip-ansi": "^6.0.0",
                "wrap-ansi": "^6.2.0"
            }
        },
        "color-name": {
            "version": "1.1.3",
            "resolved": "",
            "integrity":"",
        },
        "component-emitter": {
            "version": "1.2.1",
            "resolved": "",
            "integrity": "",
        },
        "component-inherit": {
            "version": "0.0.1",
            "resolved": "",
            "integrity": ""
        },
        "concat-map": {
            "version": "0.5.3",
            "resolved": "",
            "integrity": ""
        },
        "content-disposition": {
            "version": "1.0.4",
            "resolved": "",
            "integrity": ""
        }
    },
    "content-type": {
        "version": "1.0.4",
        "resolved": "",
        "integrity": ""
    },
    "cookie": {
        "version": "0.4.0",
        "resolved": "",
        "integrity": ""
    },
    "cookie-signature": {
        "version": "1.0.6",
        "resolved": "",
        "integrity": ""
    },
    "cors": {
        "version": "2.8.5",
        "resolved": "",
        "integrity": "",
        "requires": {
            "object-assign": "^4",
            "vary": "^1"
        }
       },
    }
}

